{
  "name": "@oudy/hashmap-redis",
  "version": "1.0.1",
  "lockfileVersion": 1,
  "requires": true,
  "dependencies": {
    "@oudy/drivers": {
      "version": "1.0.0",
      "resolved": "https://registry.npmjs.org/@oudy/drivers/-/drivers-1.0.0.tgz",
      "integrity": "sha512-oWM2rWBa4QZ89zNkF5C/3u8ETffe/4y5N6eZzEkBjAO9spiLvCj3xItDiL7DwYecfZ3A08doIWvqdOOvoF0pDA=="
    },
    "@oudy/entity": {
      "version": "1.0.23",
      "resolved": "https://registry.npmjs.org/@oudy/entity/-/entity-1.0.23.tgz",
      "integrity": "sha512-yRbjIMxzODFG9p8cduPl5Ja43bZhgSPYPSBecPp1YNOR7dCLRxlbjbyhV5cFOebJ+A/sT/EQWQPMR7Da/YhIUA==",
      "requires": {
        "falzy": "^0.23.0",
        "flatten-obj": "^3.1.1",
        "plural": "^1.1.0"
      }
    },
    "@oudy/hashmap": {
      "version": "1.0.5",
      "resolved": "https://registry.npmjs.org/@oudy/hashmap/-/hashmap-1.0.5.tgz",
      "integrity": "sha512-NBKSfU/AZ9Km48KmTW3g4ZBljstyVguOvRaQvNpY7mS2zVWmZ/0t/c+DW18rrWWZqesIlqc8MF6BTAlUzfkXoQ==",
      "requires": {
        "object-path": "^0.11.4"
      }
    },
    "@oudy/redis": {
      "version": "1.0.4",
      "resolved": "https://registry.npmjs.org/@oudy/redis/-/redis-1.0.4.tgz",
      "integrity": "sha512-IOZKuN2G1L1f/spNyJZTJ6jACME5K9H80ChrStKvUsYazjw7vd/lFwAM/zSAnqXRdqpNPEVEHYBNf8j663NhiA==",
      "requires": {
        "@oudy/drivers": "^1.0.0",
        "@oudy/ttlmap": "^1.0.0",
        "bluebird": "^3.5.3",
        "dataloader": "^1.4.0",
        "redis": "^2.8.0"
      }
    },
    "@oudy/ttlmap": {
      "version": "1.0.0",
      "resolved": "https://registry.npmjs.org/@oudy/ttlmap/-/ttlmap-1.0.0.tgz",
      "integrity": "sha512-off2CbFBNiiyGiEQmJiZKAFbz/P7ldUzF32Elc5Lqx+UzwJmmNwwsNHjjYR/WNhYBi6DoLuwj+TjDrK+5K0pZw==",
      "requires": {
        "lodash.throttle": "^4.1.1"
      }
    },
    "babel-runtime": {
      "version": "6.26.0",
      "resolved": "https://registry.npmjs.org/babel-runtime/-/babel-runtime-6.26.0.tgz",
      "integrity": "sha1-llxwWGaOgrVde/4E/yM3vItWR/4=",
      "requires": {
        "core-js": "^2.4.0",
        "regenerator-runtime": "^0.11.0"
      }
    },
    "bluebird": {
      "version": "3.5.3",
      "resolved": "https://registry.npmjs.org/bluebird/-/bluebird-3.5.3.tgz",
      "integrity": "sha512-/qKPUQlaW1OyR51WeCPBvRnAlnZFUJkCSG5HzGnuIqhgyJtF+T94lFnn33eiazjRm2LAHVy2guNnaq48X9SJuw=="
    },
    "core-js": {
      "version": "2.6.5",
      "resolved": "https://registry.npmjs.org/core-js/-/core-js-2.6.5.tgz",
      "integrity": "sha512-klh/kDpwX8hryYL14M9w/xei6vrv6sE8gTHDG7/T/+SEovB/G4ejwcfE/CBzO6Edsu+OETZMZ3wcX/EjUkrl5A=="
    },
    "dataloader": {
      "version": "1.4.0",
      "resolved": "https://registry.npmjs.org/dataloader/-/dataloader-1.4.0.tgz",
      "integrity": "sha512-68s5jYdlvasItOJnCuI2Q9s4q98g0pCyL3HrcKJu8KNugUl8ahgmZYg38ysLTgQjjXX3H8CJLkAvWrclWfcalw=="
    },
    "double-ended-queue": {
      "version": "2.1.0-0",
      "resolved": "https://registry.npmjs.org/double-ended-queue/-/double-ended-queue-2.1.0-0.tgz",
      "integrity": "sha1-ED01J/0xUo9AGIEwyEHv3XgmTlw="
    },
    "falzy": {
      "version": "0.23.0",
      "resolved": "https://registry.npmjs.org/falzy/-/falzy-0.23.0.tgz",
      "integrity": "sha1-/sUqffboCtr0e7idR8pacUVmtmQ=",
      "requires": {
        "babel-runtime": "^6.23.0"
      }
    },
    "flatten-obj": {
      "version": "3.1.1",
      "resolved": "https://registry.npmjs.org/flatten-obj/-/flatten-obj-3.1.1.tgz",
      "integrity": "sha512-PyxxiUNTcuh2Ey9ooWlYILcPeh6/OdCyLrRWQejtCYqzcuJrWlATftbX/z447AvmIMKDEcAwBE8dEXz94Zlc8A==",
      "requires": {
        "isobj": "^1.0.0"
      }
    },
    "isobj": {
      "version": "1.0.0",
      "resolved": "https://registry.npmjs.org/isobj/-/isobj-1.0.0.tgz",
      "integrity": "sha1-Z7oo+cbcmBMOuho3m9y9HZOcc/Q="
    },
    "lodash.throttle": {
      "version": "4.1.1",
      "resolved": "https://registry.npmjs.org/lodash.throttle/-/lodash.throttle-4.1.1.tgz",
      "integrity": "sha1-wj6RtxAkKscMN/HhzaknTMOb8vQ="
    },
    "object-path": {
      "version": "0.11.4",
      "resolved": "https://registry.npmjs.org/object-path/-/object-path-0.11.4.tgz",
      "integrity": "sha1-NwrnUvvzfePqcKhhwju6iRVpGUk="
    },
    "plural": {
      "version": "1.1.0",
      "resolved": "https://registry.npmjs.org/plural/-/plural-1.1.0.tgz",
      "integrity": "sha512-kX459gcOOllXDCPolRRBItCjvWU4bULIg4R3OYRMAp/4mZuBfF/H7b/SBsTJZkyc+GFkJV4ENitITOz45kyzqQ=="
    },
    "redis": {
      "version": "2.8.0",
      "resolved": "https://registry.npmjs.org/redis/-/redis-2.8.0.tgz",
      "integrity": "sha512-M1OkonEQwtRmZv4tEWF2VgpG0JWJ8Fv1PhlgT5+B+uNq2cA3Rt1Yt/ryoR+vQNOQcIEgdCdfH0jr3bDpihAw1A==",
      "requires": {
        "double-ended-queue": "^2.1.0-0",
        "redis-commands": "^1.2.0",
        "redis-parser": "^2.6.0"
      }
    },
    "redis-commands": {
      "version": "1.4.0",
      "resolved": "https://registry.npmjs.org/redis-commands/-/redis-commands-1.4.0.tgz",
      "integrity": "sha512-cu8EF+MtkwI4DLIT0x9P8qNTLFhQD4jLfxLR0cCNkeGzs87FN6879JOJwNQR/1zD7aSYNbU0hgsV9zGY71Itvw=="
    },
    "redis-parser": {
      "version": "2.6.0",
      "resolved": "https://registry.npmjs.org/redis-parser/-/redis-parser-2.6.0.tgz",
      "integrity": "sha1-Uu0J2srBCPGmMcB+m2mUHnoZUEs="
    },
    "regenerator-runtime": {
      "version": "0.11.1",
      "resolved": "https://registry.npmjs.org/regenerator-runtime/-/regenerator-runtime-0.11.1.tgz",
      "integrity": "sha512-MguG95oij0fC3QV3URf4V2SDYGJhJnJGqvIIgdECeODCT98wSWDAJ94SSuVpYQUoTcGUIL6L4yNB7j1DFFHSBg=="
    }
  }
}
